{
  "originHash" : "818e84d5f1f502ef388570dfac36b1be2af8e729f69e3f600bc60b00c0c3e8ca",
  "pins" : [
    {
      "identity" : "openai",
      "kind" : "remoteSourceControl",
      "location" : "https://github.com/MacPaw/OpenAI.git",
      "state" : {
        "branch" : "main",
        "revision" : "f1c05f54aab419c1de921672031a50a106882878"
      }
    },
    {
      "identity" : "pipeable-ios",
      "kind" : "remoteSourceControl",
      "location" : "https://github.com/PipeableHQ/pipeable-ios.git",
      "state" : {
        "branch" : "main",
        "revision" : "f6ccbab0f451b12883d5012649db49c33dca036b"
      }
    }
  ],
  "version" : 3
}
