{
  "pins" : [
    {
      "identity" : "pipeable-ios",
      "kind" : "remoteSourceControl",
      "location" : "https://github.com/PipeableHQ/pipeable-ios.git",
      "state" : {
        "revision" : "4b826c0b48a9f44d0951c515a717fd5a86fdff19",
        "version" : "0.0.14"
      }
    }
  ],
  "version" : 2
}
